{
  "name": "@wox/vuex",
  "version": "2.0.0",
  "lockfileVersion": 1,
  "requires": true,
  "dependencies": {
    "super-vuex": {
      "version": "3.0.0",
      "resolved": "https://registry.npmjs.org/super-vuex/-/super-vuex-3.0.0.tgz",
      "integrity": "sha512-nhBJARBc/UWGeLeJiX1S7NA08iyvHUF/jUOAVE2rQiUop1BM0365SkFSeGne8OBp6YuDPiblyQz7H+iFHNQX/w==",
      "requires": {
        "vuex": "^3.0.1"
      }
    },
    "vue": {
      "version": "2.6.6",
      "resolved": "https://registry.npmjs.org/vue/-/vue-2.6.6.tgz",
      "integrity": "sha512-Y2DdOZD8sxApS+iUlwv1v8U1qN41kq6Kw45lM6nVZKhygeWA49q7VCCXkjXqeDBXgurrKWkYQ9cJeEJwAq0b9Q==",
      "dev": true
    },
    "vuex": {
      "version": "3.1.0",
      "resolved": "https://registry.npmjs.org/vuex/-/vuex-3.1.0.tgz",
      "integrity": "sha512-mdHeHT/7u4BncpUZMlxNaIdcN/HIt1GsGG5LKByArvYG/v6DvHcOxvDCts+7SRdCoIRGllK8IMZvQtQXLppDYg=="
    }
  }
}
